
Microsoft Visual Studio Solution File, Format Version 12.00
# Visual Studio Version 17
VisualStudioVersion = 17.11.35208.52
MinimumVisualStudioVersion = 10.0.40219.1
Project("{FAE04EC0-301F-11D3-BF4B-00C04F79EFBC}") = "Masodfoku", "Masodfoku\Masodfoku.csproj", "{0E615B55-69B6-4DA9-BBA7-D1928A58ADD6}"
EndProject
Project("{FAE04EC0-301F-11D3-BF4B-00C04F79EFBC}") = "Masodfoku_Lib", "Masodfoku_Lib\Masodfoku_Lib.csproj", "{6E5CACE7-EB30-443D-9493-15B2EF4525E5}"
EndProject
Global
	GlobalSection(SolutionConfigurationPlatforms) = preSolution
		Debug|Any CPU = Debug|Any CPU
		Release|Any CPU = Release|Any CPU
	EndGlobalSection
	GlobalSection(ProjectConfigurationPlatforms) = postSolution
		{0E615B55-69B6-4DA9-BBA7-D1928A58ADD6}.Debug|Any CPU.ActiveCfg = Debug|Any CPU
		{0E615B55-69B6-4DA9-BBA7-D1928A58ADD6}.Debug|Any CPU.Build.0 = Debug|Any CPU
		{0E615B55-69B6-4DA9-BBA7-D1928A58ADD6}.Release|Any CPU.ActiveCfg = Release|Any CPU
		{0E615B55-69B6-4DA9-BBA7-D1928A58ADD6}.Release|Any CPU.Build.0 = Release|Any CPU
		{6E5CACE7-EB30-443D-9493-15B2EF4525E5}.Debug|Any CPU.ActiveCfg = Debug|Any CPU
		{6E5CACE7-EB30-443D-9493-15B2EF4525E5}.Debug|Any CPU.Build.0 = Debug|Any CPU
		{6E5CACE7-EB30-443D-9493-15B2EF4525E5}.Release|Any CPU.ActiveCfg = Release|Any CPU
		{6E5CACE7-EB30-443D-9493-15B2EF4525E5}.Release|Any CPU.Build.0 = Release|Any CPU
	EndGlobalSection
	GlobalSection(SolutionProperties) = preSolution
		HideSolutionNode = FALSE
	EndGlobalSection
	GlobalSection(ExtensibilityGlobals) = postSolution
		SolutionGuid = {55F8362A-1D84-4316-B183-B13FF676142D}
	EndGlobalSection
EndGlobal
