
Microsoft Visual Studio Solution File, Format Version 12.00
# Visual Studio Version 17
VisualStudioVersion = 17.12.35527.113 d17.12
MinimumVisualStudioVersion = 10.0.40219.1
Project("{FAE04EC0-301F-11D3-BF4B-00C04F79EFBC}") = "Ajandekdoboz", "Ajandekdoboz\Ajandekdoboz.csproj", "{3AB6BA65-AB94-42FC-80B0-5C1BE46CC2C1}"
EndProject
Project("{FAE04EC0-301F-11D3-BF4B-00C04F79EFBC}") = "Ajandekdoboz_Lib", "Ajandekdoboz_Lib\Ajandekdoboz_Lib.csproj", "{AD746624-2C03-4F12-AB1C-0C710EF4D151}"
EndProject
Global
	GlobalSection(SolutionConfigurationPlatforms) = preSolution
		Debug|Any CPU = Debug|Any CPU
		Release|Any CPU = Release|Any CPU
	EndGlobalSection
	GlobalSection(ProjectConfigurationPlatforms) = postSolution
		{3AB6BA65-AB94-42FC-80B0-5C1BE46CC2C1}.Debug|Any CPU.ActiveCfg = Debug|Any CPU
		{3AB6BA65-AB94-42FC-80B0-5C1BE46CC2C1}.Debug|Any CPU.Build.0 = Debug|Any CPU
		{3AB6BA65-AB94-42FC-80B0-5C1BE46CC2C1}.Release|Any CPU.ActiveCfg = Release|Any CPU
		{3AB6BA65-AB94-42FC-80B0-5C1BE46CC2C1}.Release|Any CPU.Build.0 = Release|Any CPU
		{AD746624-2C03-4F12-AB1C-0C710EF4D151}.Debug|Any CPU.ActiveCfg = Debug|Any CPU
		{AD746624-2C03-4F12-AB1C-0C710EF4D151}.Debug|Any CPU.Build.0 = Debug|Any CPU
		{AD746624-2C03-4F12-AB1C-0C710EF4D151}.Release|Any CPU.ActiveCfg = Release|Any CPU
		{AD746624-2C03-4F12-AB1C-0C710EF4D151}.Release|Any CPU.Build.0 = Release|Any CPU
	EndGlobalSection
	GlobalSection(SolutionProperties) = preSolution
		HideSolutionNode = FALSE
	EndGlobalSection
EndGlobal
