
Microsoft Visual Studio Solution File, Format Version 12.00
# Visual Studio Version 17
VisualStudioVersion = 17.11.35208.52
MinimumVisualStudioVersion = 10.0.40219.1
Project("{FAE04EC0-301F-11D3-BF4B-00C04F79EFBC}") = "TotoGUI", "TotoGUI\TotoGUI.csproj", "{95C3AED4-87AB-4BA4-9B1C-F7305B65BD17}"
EndProject
Global
	GlobalSection(SolutionConfigurationPlatforms) = preSolution
		Debug|Any CPU = Debug|Any CPU
		Release|Any CPU = Release|Any CPU
	EndGlobalSection
	GlobalSection(ProjectConfigurationPlatforms) = postSolution
		{95C3AED4-87AB-4BA4-9B1C-F7305B65BD17}.Debug|Any CPU.ActiveCfg = Debug|Any CPU
		{95C3AED4-87AB-4BA4-9B1C-F7305B65BD17}.Debug|Any CPU.Build.0 = Debug|Any CPU
		{95C3AED4-87AB-4BA4-9B1C-F7305B65BD17}.Release|Any CPU.ActiveCfg = Release|Any CPU
		{95C3AED4-87AB-4BA4-9B1C-F7305B65BD17}.Release|Any CPU.Build.0 = Release|Any CPU
	EndGlobalSection
	GlobalSection(SolutionProperties) = preSolution
		HideSolutionNode = FALSE
	EndGlobalSection
	GlobalSection(ExtensibilityGlobals) = postSolution
		SolutionGuid = {21BA1192-2851-4C3B-BB81-704F8ADDA7C4}
	EndGlobalSection
EndGlobal
