
Microsoft Visual Studio Solution File, Format Version 12.00
# Visual Studio Version 17
VisualStudioVersion = 17.11.35222.181
MinimumVisualStudioVersion = 10.0.40219.1
Project("{FAE04EC0-301F-11D3-BF4B-00C04F79EFBC}") = "Homerseklet", "Homerseklet\Homerseklet.csproj", "{4D5996BE-45B6-46F4-8CBC-96AE35D40531}"
EndProject
Global
	GlobalSection(SolutionConfigurationPlatforms) = preSolution
		Debug|Any CPU = Debug|Any CPU
		Release|Any CPU = Release|Any CPU
	EndGlobalSection
	GlobalSection(ProjectConfigurationPlatforms) = postSolution
		{4D5996BE-45B6-46F4-8CBC-96AE35D40531}.Debug|Any CPU.ActiveCfg = Debug|Any CPU
		{4D5996BE-45B6-46F4-8CBC-96AE35D40531}.Debug|Any CPU.Build.0 = Debug|Any CPU
		{4D5996BE-45B6-46F4-8CBC-96AE35D40531}.Release|Any CPU.ActiveCfg = Release|Any CPU
		{4D5996BE-45B6-46F4-8CBC-96AE35D40531}.Release|Any CPU.Build.0 = Release|Any CPU
	EndGlobalSection
	GlobalSection(SolutionProperties) = preSolution
		HideSolutionNode = FALSE
	EndGlobalSection
	GlobalSection(ExtensibilityGlobals) = postSolution
		SolutionGuid = {A33D8653-7BD2-4F9E-9225-DC81F8C83CAD}
	EndGlobalSection
EndGlobal
