
Microsoft Visual Studio Solution File, Format Version 12.00
# Visual Studio Version 17
VisualStudioVersion = 17.11.35222.181
MinimumVisualStudioVersion = 10.0.40219.1
Project("{FAE04EC0-301F-11D3-BF4B-00C04F79EFBC}") = "DiakokEsTantargyak", "DiakokEsTantargyak\DiakokEsTantargyak.csproj", "{92814799-D790-4C59-95F0-DED72136BD2C}"
EndProject
Project("{FAE04EC0-301F-11D3-BF4B-00C04F79EFBC}") = "DiakokEsTantargyak_Lib", "DiakokEsTantargyak_Lib\DiakokEsTantargyak_Lib.csproj", "{B765D563-444F-4FEE-A713-AAD34E0B6821}"
EndProject
Global
	GlobalSection(SolutionConfigurationPlatforms) = preSolution
		Debug|Any CPU = Debug|Any CPU
		Release|Any CPU = Release|Any CPU
	EndGlobalSection
	GlobalSection(ProjectConfigurationPlatforms) = postSolution
		{92814799-D790-4C59-95F0-DED72136BD2C}.Debug|Any CPU.ActiveCfg = Debug|Any CPU
		{92814799-D790-4C59-95F0-DED72136BD2C}.Debug|Any CPU.Build.0 = Debug|Any CPU
		{92814799-D790-4C59-95F0-DED72136BD2C}.Release|Any CPU.ActiveCfg = Release|Any CPU
		{92814799-D790-4C59-95F0-DED72136BD2C}.Release|Any CPU.Build.0 = Release|Any CPU
		{B765D563-444F-4FEE-A713-AAD34E0B6821}.Debug|Any CPU.ActiveCfg = Debug|Any CPU
		{B765D563-444F-4FEE-A713-AAD34E0B6821}.Debug|Any CPU.Build.0 = Debug|Any CPU
		{B765D563-444F-4FEE-A713-AAD34E0B6821}.Release|Any CPU.ActiveCfg = Release|Any CPU
		{B765D563-444F-4FEE-A713-AAD34E0B6821}.Release|Any CPU.Build.0 = Release|Any CPU
	EndGlobalSection
	GlobalSection(SolutionProperties) = preSolution
		HideSolutionNode = FALSE
	EndGlobalSection
	GlobalSection(ExtensibilityGlobals) = postSolution
		SolutionGuid = {B1DF7532-6D2D-4A35-8FB4-4F8A28820C66}
	EndGlobalSection
EndGlobal
