
Microsoft Visual Studio Solution File, Format Version 12.00
# Visual Studio Version 17
VisualStudioVersion = 17.12.35527.113 d17.12
MinimumVisualStudioVersion = 10.0.40219.1
Project("{FAE04EC0-301F-11D3-BF4B-00C04F79EFBC}") = "Vasutvonalak", "Vasutvonalak\Vasutvonalak.csproj", "{BC29C050-5478-4811-9B28-DEC75EF06BDD}"
EndProject
Project("{FAE04EC0-301F-11D3-BF4B-00C04F79EFBC}") = "VasutvonalakLib", "VasutvonalakLib\VasutvonalakLib.csproj", "{25A3F3A7-6D6D-4C23-821E-6F0C5C54B9D5}"
EndProject
Project("{FAE04EC0-301F-11D3-BF4B-00C04F79EFBC}") = "VasutvonalakGUI", "VasutvonalakGUI\VasutvonalakGUI.csproj", "{B912427B-0F07-44F0-9204-368A0527F180}"
EndProject
Project("{FAE04EC0-301F-11D3-BF4B-00C04F79EFBC}") = "VasutvonalakTest", "VasutvonalakTest\VasutvonalakTest.csproj", "{FB2E52C7-29C8-46A1-9A53-C7A0D18D957C}"
EndProject
Global
	GlobalSection(SolutionConfigurationPlatforms) = preSolution
		Debug|Any CPU = Debug|Any CPU
		Release|Any CPU = Release|Any CPU
	EndGlobalSection
	GlobalSection(ProjectConfigurationPlatforms) = postSolution
		{BC29C050-5478-4811-9B28-DEC75EF06BDD}.Debug|Any CPU.ActiveCfg = Debug|Any CPU
		{BC29C050-5478-4811-9B28-DEC75EF06BDD}.Debug|Any CPU.Build.0 = Debug|Any CPU
		{BC29C050-5478-4811-9B28-DEC75EF06BDD}.Release|Any CPU.ActiveCfg = Release|Any CPU
		{BC29C050-5478-4811-9B28-DEC75EF06BDD}.Release|Any CPU.Build.0 = Release|Any CPU
		{25A3F3A7-6D6D-4C23-821E-6F0C5C54B9D5}.Debug|Any CPU.ActiveCfg = Debug|Any CPU
		{25A3F3A7-6D6D-4C23-821E-6F0C5C54B9D5}.Debug|Any CPU.Build.0 = Debug|Any CPU
		{25A3F3A7-6D6D-4C23-821E-6F0C5C54B9D5}.Release|Any CPU.ActiveCfg = Release|Any CPU
		{25A3F3A7-6D6D-4C23-821E-6F0C5C54B9D5}.Release|Any CPU.Build.0 = Release|Any CPU
		{B912427B-0F07-44F0-9204-368A0527F180}.Debug|Any CPU.ActiveCfg = Debug|Any CPU
		{B912427B-0F07-44F0-9204-368A0527F180}.Debug|Any CPU.Build.0 = Debug|Any CPU
		{B912427B-0F07-44F0-9204-368A0527F180}.Release|Any CPU.ActiveCfg = Release|Any CPU
		{B912427B-0F07-44F0-9204-368A0527F180}.Release|Any CPU.Build.0 = Release|Any CPU
		{FB2E52C7-29C8-46A1-9A53-C7A0D18D957C}.Debug|Any CPU.ActiveCfg = Debug|Any CPU
		{FB2E52C7-29C8-46A1-9A53-C7A0D18D957C}.Debug|Any CPU.Build.0 = Debug|Any CPU
		{FB2E52C7-29C8-46A1-9A53-C7A0D18D957C}.Release|Any CPU.ActiveCfg = Release|Any CPU
		{FB2E52C7-29C8-46A1-9A53-C7A0D18D957C}.Release|Any CPU.Build.0 = Release|Any CPU
	EndGlobalSection
	GlobalSection(SolutionProperties) = preSolution
		HideSolutionNode = FALSE
	EndGlobalSection
EndGlobal
