
Microsoft Visual Studio Solution File, Format Version 12.00
# Visual Studio Version 17
VisualStudioVersion = 17.11.35208.52
MinimumVisualStudioVersion = 10.0.40219.1
Project("{FAE04EC0-301F-11D3-BF4B-00C04F79EFBC}") = "Tarskereso", "Tarskereso\Tarskereso.csproj", "{FEE637D7-B3AF-4FCA-A0C6-96AEB0D483BD}"
EndProject
Global
	GlobalSection(SolutionConfigurationPlatforms) = preSolution
		Debug|Any CPU = Debug|Any CPU
		Release|Any CPU = Release|Any CPU
	EndGlobalSection
	GlobalSection(ProjectConfigurationPlatforms) = postSolution
		{FEE637D7-B3AF-4FCA-A0C6-96AEB0D483BD}.Debug|Any CPU.ActiveCfg = Debug|Any CPU
		{FEE637D7-B3AF-4FCA-A0C6-96AEB0D483BD}.Debug|Any CPU.Build.0 = Debug|Any CPU
		{FEE637D7-B3AF-4FCA-A0C6-96AEB0D483BD}.Release|Any CPU.ActiveCfg = Release|Any CPU
		{FEE637D7-B3AF-4FCA-A0C6-96AEB0D483BD}.Release|Any CPU.Build.0 = Release|Any CPU
	EndGlobalSection
	GlobalSection(SolutionProperties) = preSolution
		HideSolutionNode = FALSE
	EndGlobalSection
	GlobalSection(ExtensibilityGlobals) = postSolution
		SolutionGuid = {C744F96D-C5AB-4EFD-996A-5604774F4AB3}
	EndGlobalSection
EndGlobal
