
Microsoft Visual Studio Solution File, Format Version 12.00
# Visual Studio Version 17
VisualStudioVersion = 17.11.35208.52
MinimumVisualStudioVersion = 10.0.40219.1
Project("{FAE04EC0-301F-11D3-BF4B-00C04F79EFBC}") = "Tigrisek", "Tigrisek\Tigrisek.csproj", "{3CE0ACE0-E4C1-4ADC-9A10-2DEDB60D60D4}"
EndProject
Global
	GlobalSection(SolutionConfigurationPlatforms) = preSolution
		Debug|Any CPU = Debug|Any CPU
		Release|Any CPU = Release|Any CPU
	EndGlobalSection
	GlobalSection(ProjectConfigurationPlatforms) = postSolution
		{3CE0ACE0-E4C1-4ADC-9A10-2DEDB60D60D4}.Debug|Any CPU.ActiveCfg = Debug|Any CPU
		{3CE0ACE0-E4C1-4ADC-9A10-2DEDB60D60D4}.Debug|Any CPU.Build.0 = Debug|Any CPU
		{3CE0ACE0-E4C1-4ADC-9A10-2DEDB60D60D4}.Release|Any CPU.ActiveCfg = Release|Any CPU
		{3CE0ACE0-E4C1-4ADC-9A10-2DEDB60D60D4}.Release|Any CPU.Build.0 = Release|Any CPU
	EndGlobalSection
	GlobalSection(SolutionProperties) = preSolution
		HideSolutionNode = FALSE
	EndGlobalSection
	GlobalSection(ExtensibilityGlobals) = postSolution
		SolutionGuid = {2E9F5A09-73FF-4C73-9F33-C679A5F45D1D}
	EndGlobalSection
EndGlobal
