
Microsoft Visual Studio Solution File, Format Version 12.00
# Visual Studio Version 17
VisualStudioVersion = 17.11.35208.52
MinimumVisualStudioVersion = 10.0.40219.1
Project("{9A19103F-16F7-4668-BE54-9A1E7A4F7556}") = "CsevegesGUI", "CsevegesGUI\CsevegesGUI.csproj", "{3F95F91A-6347-44C6-8AFA-2BCB84A85F7B}"
EndProject
Project("{9A19103F-16F7-4668-BE54-9A1E7A4F7556}") = "CsevegesLib", "CsevegesLib\CsevegesLib.csproj", "{FB716C4B-80C2-4266-8901-ADA70AAF5A45}"
EndProject
Project("{FAE04EC0-301F-11D3-BF4B-00C04F79EFBC}") = "CsevegesCLI", "CsevegesCLI\CsevegesCLI.csproj", "{DE224DCD-C10C-4D2F-8F85-F15F5F4A3131}"
EndProject
Global
	GlobalSection(SolutionConfigurationPlatforms) = preSolution
		Debug|Any CPU = Debug|Any CPU
		Release|Any CPU = Release|Any CPU
	EndGlobalSection
	GlobalSection(ProjectConfigurationPlatforms) = postSolution
		{3F95F91A-6347-44C6-8AFA-2BCB84A85F7B}.Debug|Any CPU.ActiveCfg = Debug|Any CPU
		{3F95F91A-6347-44C6-8AFA-2BCB84A85F7B}.Debug|Any CPU.Build.0 = Debug|Any CPU
		{3F95F91A-6347-44C6-8AFA-2BCB84A85F7B}.Release|Any CPU.ActiveCfg = Release|Any CPU
		{3F95F91A-6347-44C6-8AFA-2BCB84A85F7B}.Release|Any CPU.Build.0 = Release|Any CPU
		{FB716C4B-80C2-4266-8901-ADA70AAF5A45}.Debug|Any CPU.ActiveCfg = Debug|Any CPU
		{FB716C4B-80C2-4266-8901-ADA70AAF5A45}.Debug|Any CPU.Build.0 = Debug|Any CPU
		{FB716C4B-80C2-4266-8901-ADA70AAF5A45}.Release|Any CPU.ActiveCfg = Release|Any CPU
		{FB716C4B-80C2-4266-8901-ADA70AAF5A45}.Release|Any CPU.Build.0 = Release|Any CPU
		{DE224DCD-C10C-4D2F-8F85-F15F5F4A3131}.Debug|Any CPU.ActiveCfg = Debug|Any CPU
		{DE224DCD-C10C-4D2F-8F85-F15F5F4A3131}.Debug|Any CPU.Build.0 = Debug|Any CPU
		{DE224DCD-C10C-4D2F-8F85-F15F5F4A3131}.Release|Any CPU.ActiveCfg = Release|Any CPU
		{DE224DCD-C10C-4D2F-8F85-F15F5F4A3131}.Release|Any CPU.Build.0 = Release|Any CPU
	EndGlobalSection
	GlobalSection(SolutionProperties) = preSolution
		HideSolutionNode = FALSE
	EndGlobalSection
	GlobalSection(ExtensibilityGlobals) = postSolution
		SolutionGuid = {3D592D8D-D5DF-497E-A546-07889CCD3B32}
	EndGlobalSection
EndGlobal
