
Microsoft Visual Studio Solution File, Format Version 12.00
# Visual Studio Version 17
VisualStudioVersion = 17.11.35222.181
MinimumVisualStudioVersion = 10.0.40219.1
Project("{FAE04EC0-301F-11D3-BF4B-00C04F79EFBC}") = "Fenyes", "Fenyes\Fenyes.csproj", "{F477EA96-BA6D-4D1D-8831-4295E0292EB6}"
EndProject
Global
	GlobalSection(SolutionConfigurationPlatforms) = preSolution
		Debug|Any CPU = Debug|Any CPU
		Release|Any CPU = Release|Any CPU
	EndGlobalSection
	GlobalSection(ProjectConfigurationPlatforms) = postSolution
		{F477EA96-BA6D-4D1D-8831-4295E0292EB6}.Debug|Any CPU.ActiveCfg = Debug|Any CPU
		{F477EA96-BA6D-4D1D-8831-4295E0292EB6}.Debug|Any CPU.Build.0 = Debug|Any CPU
		{F477EA96-BA6D-4D1D-8831-4295E0292EB6}.Release|Any CPU.ActiveCfg = Release|Any CPU
		{F477EA96-BA6D-4D1D-8831-4295E0292EB6}.Release|Any CPU.Build.0 = Release|Any CPU
	EndGlobalSection
	GlobalSection(SolutionProperties) = preSolution
		HideSolutionNode = FALSE
	EndGlobalSection
	GlobalSection(ExtensibilityGlobals) = postSolution
		SolutionGuid = {DE2C3662-96CE-4227-9A83-01F01E133695}
	EndGlobalSection
EndGlobal
